
Microsoft Visual Studio Solution File, Format Version 12.00
# Visual Studio 15
VisualStudioVersion = 15.0.27428.2005
MinimumVisualStudioVersion = 10.0.40219.1
Project("{FAE04EC0-301F-11D3-BF4B-00C04F79EFBC}") = "DotNetClient", "DotNetClient\DotNetClient.csproj", "{84B3F11E-146E-44A9-8A00-593D83BC33D9}"
EndProject
Global
	GlobalSection(SolutionConfigurationPlatforms) = preSolution
		Debug|Any CPU = Debug|Any CPU
		Release|Any CPU = Release|Any CPU
	EndGlobalSection
	GlobalSection(ProjectConfigurationPlatforms) = postSolution
		{84B3F11E-146E-44A9-8A00-593D83BC33D9}.Debug|Any CPU.ActiveCfg = Debug|Any CPU
		{84B3F11E-146E-44A9-8A00-593D83BC33D9}.Debug|Any CPU.Build.0 = Debug|Any CPU
		{84B3F11E-146E-44A9-8A00-593D83BC33D9}.Release|Any CPU.ActiveCfg = Release|Any CPU
		{84B3F11E-146E-44A9-8A00-593D83BC33D9}.Release|Any CPU.Build.0 = Release|Any CPU
	EndGlobalSection
	GlobalSection(SolutionProperties) = preSolution
		HideSolutionNode = FALSE
	EndGlobalSection
	GlobalSection(ExtensibilityGlobals) = postSolution
		SolutionGuid = {A9A3EC89-8190-49BC-9A27-D58FD41B2BCA}
	EndGlobalSection
EndGlobal
